Microsoft Visual Studio Solution File, Format Version 11.00
# Visual Studio 2008

Project("{D460171C-8B15-A9B5-BE84-1ADB5149A943}") = "Chattest", "Assembly-CSharp.csproj", "{C41A62A1-2B4F-3994-359E-E73977AE3720}"
EndProject
Global
	GlobalSection(SolutionConfigurationPlatforms) = preSolution
		Debug|Any CPU = Debug|Any CPU
		Release|Any CPU = Release|Any CPU
	EndGlobalSection
	GlobalSection(ProjectConfigurationPlatforms) = postSolution
		{C41A62A1-2B4F-3994-359E-E73977AE3720}.Debug|Any CPU.ActiveCfg = Debug|Any CPU
		{C41A62A1-2B4F-3994-359E-E73977AE3720}.Debug|Any CPU.Build.0 = Debug|Any CPU
		{C41A62A1-2B4F-3994-359E-E73977AE3720}.Release|Any CPU.ActiveCfg = Release|Any CPU
		{C41A62A1-2B4F-3994-359E-E73977AE3720}.Release|Any CPU.Build.0 = Release|Any CPU
	EndGlobalSection
	GlobalSection(SolutionProperties) = preSolution
		HideSolutionNode = FALSE
	EndGlobalSection
	GlobalSection(MonoDevelopProperties) = preSolution
		StartupItem = Assembly-CSharp.csproj
	EndGlobalSection
EndGlobal
